
Microsoft Visual Studio Solution File, Format Version 12.00
# Visual Studio Version 17
VisualStudioVersion = 17.2.32602.215
MinimumVisualStudioVersion = 10.0.40219.1
Project("{888888A0-9F3D-457C-B088-3A5042F75D52}") = "testProject", "testProject.pyproj", "{2F0D4760-A200-4C7D-8A28-5A3D01C11AFF}"
EndProject
Global
	GlobalSection(SolutionConfigurationPlatforms) = preSolution
		Debug|Any CPU = Debug|Any CPU
		Release|Any CPU = Release|Any CPU
	EndGlobalSection
	GlobalSection(ProjectConfigurationPlatforms) = postSolution
		{2F0D4760-A200-4C7D-8A28-5A3D01C11AFF}.Debug|Any CPU.ActiveCfg = Debug|Any CPU
		{2F0D4760-A200-4C7D-8A28-5A3D01C11AFF}.Release|Any CPU.ActiveCfg = Release|Any CPU
	EndGlobalSection
	GlobalSection(SolutionProperties) = preSolution
		HideSolutionNode = FALSE
	EndGlobalSection
	GlobalSection(ExtensibilityGlobals) = postSolution
		SolutionGuid = {6DB71902-35FD-47FF-95F6-F07BA326CFB2}
	EndGlobalSection
EndGlobal
